{
  "requires": true,
  "lockfileVersion": 1,
  "dependencies": {
    "@angular/material": {
      "version": "14.1.1",
      "resolved": "https://registry.npmjs.org/@angular/material/-/material-14.1.1.tgz",
      "integrity": "sha512-HU83cgnAayItSXhyMdu1+edXj2DMjGXndvFicf300JtyliyjFmVzuM78O7hIJWLhT4Mohh/GkTlOSp4sc8xXhQ==",
      "requires": {
        "tslib": "^2.3.0"
      }
    },
    "tslib": {
      "version": "2.4.0",
      "resolved": "https://registry.npmjs.org/tslib/-/tslib-2.4.0.tgz",
      "integrity": "sha512-d6xOpEDfsi2CZVlPQzGeux8XMwLT9hssAsaPYExaQMuYskwb+x1x7J371tWlbBdWHroy99KnVB6qIkUbs5X3UQ=="
    }
  }
}
